
Microsoft Visual Studio Solution File, Format Version 12.00
# Visual Studio 2013
VisualStudioVersion = 12.0.30723.0
MinimumVisualStudioVersion = 10.0.40219.1
Project("{FAE04EC0-301F-11D3-BF4B-00C04F79EFBC}") = "RadialProgressbar", "RadialProgressbar\RadialProgressbar.csproj", "{0CFB816B-3D82-453E-9F00-640414ACCFFC}"
EndProject
Project("{FAE04EC0-301F-11D3-BF4B-00C04F79EFBC}") = "RadialProgressbar.Client", "RadialProgressbar.Client\RadialProgressbar.Client.csproj", "{692FAC5B-DD06-43FB-9F4D-90681C3FB2B1}"
EndProject
Global
	GlobalSection(SolutionConfigurationPlatforms) = preSolution
		Debug|Any CPU = Debug|Any CPU
		Release|Any CPU = Release|Any CPU
	EndGlobalSection
	GlobalSection(ProjectConfigurationPlatforms) = postSolution
		{0CFB816B-3D82-453E-9F00-640414ACCFFC}.Debug|Any CPU.ActiveCfg = Debug|Any CPU
		{0CFB816B-3D82-453E-9F00-640414ACCFFC}.Debug|Any CPU.Build.0 = Debug|Any CPU
		{0CFB816B-3D82-453E-9F00-640414ACCFFC}.Release|Any CPU.ActiveCfg = Release|Any CPU
		{0CFB816B-3D82-453E-9F00-640414ACCFFC}.Release|Any CPU.Build.0 = Release|Any CPU
		{692FAC5B-DD06-43FB-9F4D-90681C3FB2B1}.Debug|Any CPU.ActiveCfg = Debug|Any CPU
		{692FAC5B-DD06-43FB-9F4D-90681C3FB2B1}.Debug|Any CPU.Build.0 = Debug|Any CPU
		{692FAC5B-DD06-43FB-9F4D-90681C3FB2B1}.Release|Any CPU.ActiveCfg = Release|Any CPU
		{692FAC5B-DD06-43FB-9F4D-90681C3FB2B1}.Release|Any CPU.Build.0 = Release|Any CPU
	EndGlobalSection
	GlobalSection(SolutionProperties) = preSolution
		HideSolutionNode = FALSE
	EndGlobalSection
EndGlobal
